
Microsoft Visual Studio Solution File, Format Version 12.00
# Visual Studio Version 16
VisualStudioVersion = 16.0.29009.5
MinimumVisualStudioVersion = 10.0.40219.1
Project("{9A19103F-16F7-4668-BE54-9A1E7A4F7556}") = "alfred-api", "alfred-api\alfred-api.csproj", "{75649EF5-9D99-45A6-8594-53C990D1745F}"
EndProject
Project("{2150E333-8FDC-42A3-9474-1A3956D46DE8}") = "Solution Items", "Solution Items", "{C7AE8C3D-7326-4E42-B9FB-9E2E9A46D15A}"
	ProjectSection(SolutionItems) = preProject
		kubernetes\kubernetes-alfred.yaml = kubernetes\kubernetes-alfred.yaml
		kubernetes\Local-alfred.yaml = kubernetes\Local-alfred.yaml
		README.md = README.md
	EndProjectSection
EndProject
Project("{9092AA53-FB77-4645-B42D-1CCCA6BD08BD}") = "alfred-frontend", "alfred-frontend\alfred-frontend.njsproj", "{A3FC6ECE-8D06-45CA-B5A1-F3CCF77BDCCC}"
EndProject
Global
	GlobalSection(SolutionConfigurationPlatforms) = preSolution
		Debug|Any CPU = Debug|Any CPU
		Release|Any CPU = Release|Any CPU
	EndGlobalSection
	GlobalSection(ProjectConfigurationPlatforms) = postSolution
		{75649EF5-9D99-45A6-8594-53C990D1745F}.Debug|Any CPU.ActiveCfg = Debug|Any CPU
		{75649EF5-9D99-45A6-8594-53C990D1745F}.Debug|Any CPU.Build.0 = Debug|Any CPU
		{75649EF5-9D99-45A6-8594-53C990D1745F}.Release|Any CPU.ActiveCfg = Release|Any CPU
		{75649EF5-9D99-45A6-8594-53C990D1745F}.Release|Any CPU.Build.0 = Release|Any CPU
		{A3FC6ECE-8D06-45CA-B5A1-F3CCF77BDCCC}.Debug|Any CPU.ActiveCfg = Debug|Any CPU
		{A3FC6ECE-8D06-45CA-B5A1-F3CCF77BDCCC}.Debug|Any CPU.Build.0 = Debug|Any CPU
		{A3FC6ECE-8D06-45CA-B5A1-F3CCF77BDCCC}.Release|Any CPU.ActiveCfg = Release|Any CPU
		{A3FC6ECE-8D06-45CA-B5A1-F3CCF77BDCCC}.Release|Any CPU.Build.0 = Release|Any CPU
	EndGlobalSection
	GlobalSection(SolutionProperties) = preSolution
		HideSolutionNode = FALSE
	EndGlobalSection
	GlobalSection(ExtensibilityGlobals) = postSolution
		SolutionGuid = {233C50C1-2548-4C52-A304-17CE8D35C192}
	EndGlobalSection
EndGlobal
