
Microsoft Visual Studio Solution File, Format Version 12.00
# Visual Studio Version 16
VisualStudioVersion = 16.0.29009.5
MinimumVisualStudioVersion = 10.0.40219.1
Project("{9A19103F-16F7-4668-BE54-9A1E7A4F7556}") = "alfred-api", "alfred-api\alfred-api.csproj", "{75649EF5-9D99-45A6-8594-53C990D1745F}"
EndProject
Global
	GlobalSection(SolutionConfigurationPlatforms) = preSolution
		Debug|Any CPU = Debug|Any CPU
		Release|Any CPU = Release|Any CPU
	EndGlobalSection
	GlobalSection(ProjectConfigurationPlatforms) = postSolution
		{75649EF5-9D99-45A6-8594-53C990D1745F}.Debug|Any CPU.ActiveCfg = Debug|Any CPU
		{75649EF5-9D99-45A6-8594-53C990D1745F}.Debug|Any CPU.Build.0 = Debug|Any CPU
		{75649EF5-9D99-45A6-8594-53C990D1745F}.Release|Any CPU.ActiveCfg = Release|Any CPU
		{75649EF5-9D99-45A6-8594-53C990D1745F}.Release|Any CPU.Build.0 = Release|Any CPU
	EndGlobalSection
	GlobalSection(SolutionProperties) = preSolution
		HideSolutionNode = FALSE
	EndGlobalSection
	GlobalSection(ExtensibilityGlobals) = postSolution
		SolutionGuid = {233C50C1-2548-4C52-A304-17CE8D35C192}
	EndGlobalSection
EndGlobal
